
Microsoft Visual Studio Solution File, Format Version 12.00
# Visual Studio Version 17
VisualStudioVersion = 17.14.36310.24 d17.14
MinimumVisualStudioVersion = 10.0.40219.1
Project("{8BC9CEB8-8B4A-11D0-8D11-00A0C91BC942}") = "Sandbox", "Sandbox\Sandbox.vcxproj", "{F4B8092A-1367-4E5E-A595-FCF5889E1B5A}"
EndProject
Project("{8BC9CEB8-8B4A-11D0-8D11-00A0C91BC942}") = "Lithen", "Lithen\Lithen.vcxproj", "{A55029A1-DA3B-4F5A-AA64-AE7635EBBD59}"
EndProject
Global
	GlobalSection(SolutionConfigurationPlatforms) = preSolution
		Debug|x64 = Debug|x64
		Release|x64 = Release|x64
	EndGlobalSection
	GlobalSection(ProjectConfigurationPlatforms) = postSolution
		{A55029A1-DA3B-4F5A-AA64-AE7635EBBD59}.Debug|x64.ActiveCfg = Debug|x64
		{A55029A1-DA3B-4F5A-AA64-AE7635EBBD59}.Debug|x64.Build.0 = Debug|x64
		{A55029A1-DA3B-4F5A-AA64-AE7635EBBD59}.Release|x64.ActiveCfg = Release|x64
		{A55029A1-DA3B-4F5A-AA64-AE7635EBBD59}.Release|x64.Build.0 = Release|x64
		{F4B8092A-1367-4E5E-A595-FCF5889E1B5A}.Debug|x64.ActiveCfg = Debug|x64
		{F4B8092A-1367-4E5E-A595-FCF5889E1B5A}.Debug|x64.Build.0 = Debug|x64
		{F4B8092A-1367-4E5E-A595-FCF5889E1B5A}.Release|x64.ActiveCfg = Release|x64
		{F4B8092A-1367-4E5E-A595-FCF5889E1B5A}.Release|x64.Build.0 = Release|x64
	EndGlobalSection
	GlobalSection(SolutionProperties) = preSolution
		HideSolutionNode = FALSE
	EndGlobalSection
	GlobalSection(ExtensibilityGlobals) = postSolution
		SolutionGuid = {1C00DAD5-19F2-4574-9565-85534FF67085}
	EndGlobalSection
EndGlobal
